
Microsoft Visual Studio Solution File, Format Version 12.00
# Visual Studio Version 16
VisualStudioVersion = 16.0.31105.61
MinimumVisualStudioVersion = 10.0.40219.1
Project("{2150E333-8FDC-42A3-9474-1A3956D46DE8}") = "Services", "Services", "{EC376058-CA7A-4F03-A144-E18AF2CFF6DC}"
EndProject
Project("{2150E333-8FDC-42A3-9474-1A3956D46DE8}") = "Catalog", "Catalog", "{2BF19221-D10E-4FB3-B838-43396F57A3CF}"
EndProject
Project("{9A19103F-16F7-4668-BE54-9A1E7A4F7556}") = "Catalog.API", "Services\Catalog\Catalog.API\Catalog.API.csproj", "{14E5697A-F337-4A87-9BBB-29DCE84C0A4B}"
EndProject
Project("{E53339B2-1760-4266-BCC7-CA923CBCF16C}") = "docker-compose", "docker-compose.dcproj", "{DC4F113F-8545-452A-A321-4BB02B732C52}"
EndProject
Global
	GlobalSection(SolutionConfigurationPlatforms) = preSolution
		Debug|Any CPU = Debug|Any CPU
		Release|Any CPU = Release|Any CPU
	EndGlobalSection
	GlobalSection(ProjectConfigurationPlatforms) = postSolution
		{14E5697A-F337-4A87-9BBB-29DCE84C0A4B}.Debug|Any CPU.ActiveCfg = Debug|Any CPU
		{14E5697A-F337-4A87-9BBB-29DCE84C0A4B}.Debug|Any CPU.Build.0 = Debug|Any CPU
		{14E5697A-F337-4A87-9BBB-29DCE84C0A4B}.Release|Any CPU.ActiveCfg = Release|Any CPU
		{14E5697A-F337-4A87-9BBB-29DCE84C0A4B}.Release|Any CPU.Build.0 = Release|Any CPU
		{DC4F113F-8545-452A-A321-4BB02B732C52}.Debug|Any CPU.ActiveCfg = Debug|Any CPU
		{DC4F113F-8545-452A-A321-4BB02B732C52}.Debug|Any CPU.Build.0 = Debug|Any CPU
		{DC4F113F-8545-452A-A321-4BB02B732C52}.Release|Any CPU.ActiveCfg = Release|Any CPU
		{DC4F113F-8545-452A-A321-4BB02B732C52}.Release|Any CPU.Build.0 = Release|Any CPU
	EndGlobalSection
	GlobalSection(SolutionProperties) = preSolution
		HideSolutionNode = FALSE
	EndGlobalSection
	GlobalSection(NestedProjects) = preSolution
		{2BF19221-D10E-4FB3-B838-43396F57A3CF} = {EC376058-CA7A-4F03-A144-E18AF2CFF6DC}
		{14E5697A-F337-4A87-9BBB-29DCE84C0A4B} = {2BF19221-D10E-4FB3-B838-43396F57A3CF}
	EndGlobalSection
	GlobalSection(ExtensibilityGlobals) = postSolution
		SolutionGuid = {FE68348B-0B56-4B0D-9EEE-A327DD9C10D1}
	EndGlobalSection
EndGlobal
